
Microsoft Visual Studio Solution File, Format Version 12.00
# Visual Studio Version 17
VisualStudioVersion = 17.6.33815.320
MinimumVisualStudioVersion = 10.0.40219.1
Project("{FAE04EC0-301F-11D3-BF4B-00C04F79EFBC}") = "MergeSortSorting", "MergeSortSorting\MergeSortSorting.csproj", "{1A6075E3-B48E-4F22-9B3D-38E45C5A5ECD}"
EndProject
Global
	GlobalSection(SolutionConfigurationPlatforms) = preSolution
		Debug|Any CPU = Debug|Any CPU
		Release|Any CPU = Release|Any CPU
	EndGlobalSection
	GlobalSection(ProjectConfigurationPlatforms) = postSolution
		{1A6075E3-B48E-4F22-9B3D-38E45C5A5ECD}.Debug|Any CPU.ActiveCfg = Debug|Any CPU
		{1A6075E3-B48E-4F22-9B3D-38E45C5A5ECD}.Debug|Any CPU.Build.0 = Debug|Any CPU
		{1A6075E3-B48E-4F22-9B3D-38E45C5A5ECD}.Release|Any CPU.ActiveCfg = Release|Any CPU
		{1A6075E3-B48E-4F22-9B3D-38E45C5A5ECD}.Release|Any CPU.Build.0 = Release|Any CPU
	EndGlobalSection
	GlobalSection(SolutionProperties) = preSolution
		HideSolutionNode = FALSE
	EndGlobalSection
	GlobalSection(ExtensibilityGlobals) = postSolution
		SolutionGuid = {9F018B54-E15B-4496-9F5E-3830FE9D34A6}
	EndGlobalSection
EndGlobal
